
Microsoft Visual Studio Solution File, Format Version 12.00
# Visual Studio 15
VisualStudioVersion = 15.0.28010.2036
MinimumVisualStudioVersion = 10.0.40219.1
Project("{2150E333-8FDC-42A3-9474-1A3956D46DE8}") = "Entities", "Entities", "{D41B8B97-2D3A-4736-8F41-8BD8AE5541DF}"
	ProjectSection(SolutionItems) = preProject
		BirthProbability.cs = BirthProbability.cs
		DeathProbability.cs = DeathProbability.cs
		Gender.cs = Gender.cs
		Person.cs = Person.cs
	EndProjectSection
EndProject
Project("{FAE04EC0-301F-11D3-BF4B-00C04F79EFBC}") = "Microsimulation_i32vv1", "..\Microsimulation_i32vv1\Microsimulation_i32vv1.csproj", "{779691F1-6172-4B50-ABD3-05FA77289BD2}"
EndProject
Global
	GlobalSection(SolutionConfigurationPlatforms) = preSolution
		Debug|Any CPU = Debug|Any CPU
		Release|Any CPU = Release|Any CPU
	EndGlobalSection
	GlobalSection(ProjectConfigurationPlatforms) = postSolution
		{779691F1-6172-4B50-ABD3-05FA77289BD2}.Debug|Any CPU.ActiveCfg = Debug|Any CPU
		{779691F1-6172-4B50-ABD3-05FA77289BD2}.Debug|Any CPU.Build.0 = Debug|Any CPU
		{779691F1-6172-4B50-ABD3-05FA77289BD2}.Release|Any CPU.ActiveCfg = Release|Any CPU
		{779691F1-6172-4B50-ABD3-05FA77289BD2}.Release|Any CPU.Build.0 = Release|Any CPU
	EndGlobalSection
	GlobalSection(SolutionProperties) = preSolution
		HideSolutionNode = FALSE
	EndGlobalSection
	GlobalSection(ExtensibilityGlobals) = postSolution
		SolutionGuid = {4620BFB2-1077-491A-842B-3C56B83CEEC6}
	EndGlobalSection
EndGlobal
